
Microsoft Visual Studio Solution File, Format Version 12.00
# Visual Studio Version 17
VisualStudioVersion = 17.6.33717.318
MinimumVisualStudioVersion = 10.0.40219.1
Project("{FAE04EC0-301F-11D3-BF4B-00C04F79EFBC}") = "RevitAPITrainingLibrary", "RevitAPITrainingLibrary\RevitAPITrainingLibrary.csproj", "{E88A23B6-FF27-485F-82E7-8E302C5EB089}"
EndProject
Global
	GlobalSection(SolutionConfigurationPlatforms) = preSolution
		Debug|Any CPU = Debug|Any CPU
		Release|Any CPU = Release|Any CPU
	EndGlobalSection
	GlobalSection(ProjectConfigurationPlatforms) = postSolution
		{E88A23B6-FF27-485F-82E7-8E302C5EB089}.Debug|Any CPU.ActiveCfg = Debug|Any CPU
		{E88A23B6-FF27-485F-82E7-8E302C5EB089}.Debug|Any CPU.Build.0 = Debug|Any CPU
		{E88A23B6-FF27-485F-82E7-8E302C5EB089}.Release|Any CPU.ActiveCfg = Release|Any CPU
		{E88A23B6-FF27-485F-82E7-8E302C5EB089}.Release|Any CPU.Build.0 = Release|Any CPU
	EndGlobalSection
	GlobalSection(SolutionProperties) = preSolution
		HideSolutionNode = FALSE
	EndGlobalSection
	GlobalSection(ExtensibilityGlobals) = postSolution
		SolutionGuid = {70E9DA02-81A7-4943-BE0D-32D5A5637B9C}
	EndGlobalSection
EndGlobal
